
Microsoft Visual Studio Solution File, Format Version 12.00
# Visual Studio Version 17
VisualStudioVersion = 17.10.35122.118
MinimumVisualStudioVersion = 10.0.40219.1
Project("{2150E333-8FDC-42A3-9474-1A3956D46DE8}") = "ejercicio 1", "ejercicio 1", "{FF94EEB0-B6CA-411F-8189-8FB9DF94CAE5}"
EndProject
Project("{FAE04EC0-301F-11D3-BF4B-00C04F79EFBC}") = "ejercicio1", "ejercicio1\ejercicio1.csproj", "{8D14AB91-FC60-4E8B-A297-68F52E94629A}"
EndProject
Project("{2150E333-8FDC-42A3-9474-1A3956D46DE8}") = "ejercicio 2", "ejercicio 2", "{25B4CF1A-8385-438B-84CB-EA6F71250ADD}"
EndProject
Project("{FAE04EC0-301F-11D3-BF4B-00C04F79EFBC}") = "ejercicio 2", "ejercicio 2\ejercicio 2.csproj", "{DBC85965-2454-4080-BE9B-E350C48221EF}"
EndProject
Project("{2150E333-8FDC-42A3-9474-1A3956D46DE8}") = "ejercicio 3", "ejercicio 3", "{65403630-4914-466C-A3AB-3EBFA1D128AF}"
EndProject
Project("{FAE04EC0-301F-11D3-BF4B-00C04F79EFBC}") = "ejercicio 3", "ejercicio 3\ejercicio 3.csproj", "{D36BCFFF-D5B2-41D0-8809-D8BA5B5561FC}"
EndProject
Project("{FAE04EC0-301F-11D3-BF4B-00C04F79EFBC}") = "ejercicio3.entidades", "ejercicio3.entidades\ejercicio3.entidades.csproj", "{3137B017-01CB-4573-A5FB-AE0C315BB44F}"
EndProject
Global
	GlobalSection(SolutionConfigurationPlatforms) = preSolution
		Debug|Any CPU = Debug|Any CPU
		Release|Any CPU = Release|Any CPU
	EndGlobalSection
	GlobalSection(ProjectConfigurationPlatforms) = postSolution
		{8D14AB91-FC60-4E8B-A297-68F52E94629A}.Debug|Any CPU.ActiveCfg = Debug|Any CPU
		{8D14AB91-FC60-4E8B-A297-68F52E94629A}.Debug|Any CPU.Build.0 = Debug|Any CPU
		{8D14AB91-FC60-4E8B-A297-68F52E94629A}.Release|Any CPU.ActiveCfg = Release|Any CPU
		{8D14AB91-FC60-4E8B-A297-68F52E94629A}.Release|Any CPU.Build.0 = Release|Any CPU
		{DBC85965-2454-4080-BE9B-E350C48221EF}.Debug|Any CPU.ActiveCfg = Debug|Any CPU
		{DBC85965-2454-4080-BE9B-E350C48221EF}.Debug|Any CPU.Build.0 = Debug|Any CPU
		{DBC85965-2454-4080-BE9B-E350C48221EF}.Release|Any CPU.ActiveCfg = Release|Any CPU
		{DBC85965-2454-4080-BE9B-E350C48221EF}.Release|Any CPU.Build.0 = Release|Any CPU
		{D36BCFFF-D5B2-41D0-8809-D8BA5B5561FC}.Debug|Any CPU.ActiveCfg = Debug|Any CPU
		{D36BCFFF-D5B2-41D0-8809-D8BA5B5561FC}.Debug|Any CPU.Build.0 = Debug|Any CPU
		{D36BCFFF-D5B2-41D0-8809-D8BA5B5561FC}.Release|Any CPU.ActiveCfg = Release|Any CPU
		{D36BCFFF-D5B2-41D0-8809-D8BA5B5561FC}.Release|Any CPU.Build.0 = Release|Any CPU
		{3137B017-01CB-4573-A5FB-AE0C315BB44F}.Debug|Any CPU.ActiveCfg = Debug|Any CPU
		{3137B017-01CB-4573-A5FB-AE0C315BB44F}.Debug|Any CPU.Build.0 = Debug|Any CPU
		{3137B017-01CB-4573-A5FB-AE0C315BB44F}.Release|Any CPU.ActiveCfg = Release|Any CPU
		{3137B017-01CB-4573-A5FB-AE0C315BB44F}.Release|Any CPU.Build.0 = Release|Any CPU
	EndGlobalSection
	GlobalSection(SolutionProperties) = preSolution
		HideSolutionNode = FALSE
	EndGlobalSection
	GlobalSection(NestedProjects) = preSolution
		{8D14AB91-FC60-4E8B-A297-68F52E94629A} = {FF94EEB0-B6CA-411F-8189-8FB9DF94CAE5}
		{DBC85965-2454-4080-BE9B-E350C48221EF} = {25B4CF1A-8385-438B-84CB-EA6F71250ADD}
		{D36BCFFF-D5B2-41D0-8809-D8BA5B5561FC} = {65403630-4914-466C-A3AB-3EBFA1D128AF}
		{3137B017-01CB-4573-A5FB-AE0C315BB44F} = {65403630-4914-466C-A3AB-3EBFA1D128AF}
	EndGlobalSection
	GlobalSection(ExtensibilityGlobals) = postSolution
		SolutionGuid = {CBE35ABE-6ACA-40F2-8DD4-27C56F9D9024}
	EndGlobalSection
EndGlobal
